
Microsoft Visual Studio Solution File, Format Version 12.00
# Visual Studio Version 16
VisualStudioVersion = 16.0.30804.86
MinimumVisualStudioVersion = 10.0.40219.1
Project("{FAE04EC0-301F-11D3-BF4B-00C04F79EFBC}") = "SmartSchool.API", "SmartSchool.API\SmartSchool.API.csproj", "{B8394F99-51A2-4CFF-AB49-4AD90D3BA7ED}"
EndProject
Global
	GlobalSection(SolutionConfigurationPlatforms) = preSolution
		Debug|Any CPU = Debug|Any CPU
		Release|Any CPU = Release|Any CPU
	EndGlobalSection
	GlobalSection(ProjectConfigurationPlatforms) = postSolution
		{B8394F99-51A2-4CFF-AB49-4AD90D3BA7ED}.Debug|Any CPU.ActiveCfg = Debug|Any CPU
		{B8394F99-51A2-4CFF-AB49-4AD90D3BA7ED}.Debug|Any CPU.Build.0 = Debug|Any CPU
		{B8394F99-51A2-4CFF-AB49-4AD90D3BA7ED}.Release|Any CPU.ActiveCfg = Release|Any CPU
		{B8394F99-51A2-4CFF-AB49-4AD90D3BA7ED}.Release|Any CPU.Build.0 = Release|Any CPU
	EndGlobalSection
	GlobalSection(SolutionProperties) = preSolution
		HideSolutionNode = FALSE
	EndGlobalSection
	GlobalSection(ExtensibilityGlobals) = postSolution
		SolutionGuid = {DF7A1BCE-16F0-4340-849C-30A58DC56BBE}
	EndGlobalSection
EndGlobal
